{
  "name": "hyper-space-wave",
  "version": "1.0.0",
  "lockfileVersion": 3,
  "requires": true,
  "packages": {
    "": {
      "name": "hyper-space-wave",
      "version": "1.0.0",
      "hasInstallScript": true,
      "license": "MIT"
    },
    "apps/native": {
      "name": "@hyper-space-wave/native",
      "version": "1.0.0",
      "extraneous": true,
      "dependencies": {
        "@expo/metro-runtime": "~4.0.1",
        "expo": "^52.0.37",
        "expo-router": "~4.0.17",
        "expo-status-bar": "~2.0.1",
        "react": "18.3.1",
        "react-dom": "18.3.1",
        "react-native": "0.76.7",
        "react-native-web": "~0.19.13",
        "react-native-webview": "13.12.5"
      },
      "devDependencies": {
        "@babel/core": "^7.25.2",
        "@hyper-space-wave/assets": "workspace:*",
        "@hyper-space-wave/core": "workspace:*",
        "@types/react": "~18.3.12",
        "cpx2": "^8.0.0",
        "typescript": "^5.3.3"
      }
    },
    "apps/web": {
      "name": "@hyper-space-wave/web",
      "version": "0.0.0",
      "extraneous": true,
      "dependencies": {
        "@pixi/react": "8.0.0-beta.16",
        "koota": "^0.3.0",
        "pixi.js": "^8.2.6",
        "react": "18.3.1",
        "react-dom": "18.3.1"
      },
      "devDependencies": {
        "@eslint/js": "^9.21.0",
        "@hyper-space-wave/assets": "workspace:*",
        "@hyper-space-wave/core": "workspace:*",
        "@types/react": "18.3.1",
        "@types/react-dom": "18.3.1",
        "@vitejs/plugin-react": "^4.3.4",
        "cpx2": "^8.0.0",
        "eslint": "^9.21.0",
        "eslint-plugin-react-hooks": "^5.1.0",
        "eslint-plugin-react-refresh": "^0.4.19",
        "globals": "^16.0.0",
        "typescript": "~5.7.3",
        "typescript-eslint": "^8.25.0",
        "vite": "^6.2.0"
      }
    },
    "packages/assets": {
      "name": "@hyper-space-wave/assets",
      "version": "1.0.0",
      "extraneous": true,
      "devDependencies": {
        "@assetpack/core": "^1.4.0"
      }
    },
    "packages/core": {
      "name": "@hyper-space-wave/core",
      "version": "1.0.0",
      "extraneous": true,
      "license": "ISC",
      "devDependencies": {
        "@hyper-space-wave/assets": "workspace:*",
        "@pixi/react": "8.0.0-beta.16",
        "pixi.js": "^8.2.6",
        "react": "18.3.1"
      },
      "peerDependencies": {
        "@pixi/react": "8.0.0-beta.16",
        "pixi.js": "^8.2.6",
        "react": "18.3.1"
      }
    }
  }
}
